
Microsoft Visual Studio Solution File, Format Version 12.00
# Visual Studio Version 17
VisualStudioVersion = 17.4.33213.308
MinimumVisualStudioVersion = 10.0.40219.1
Project("{FAE04EC0-301F-11D3-BF4B-00C04F79EFBC}") = "Factory Pattern", "Factory Pattern.csproj", "{B806F481-34CB-42D8-AB3B-2DFCFA27F1B2}"
EndProject
Global
	GlobalSection(SolutionConfigurationPlatforms) = preSolution
		Debug|Any CPU = Debug|Any CPU
		Release|Any CPU = Release|Any CPU
	EndGlobalSection
	GlobalSection(ProjectConfigurationPlatforms) = postSolution
		{B806F481-34CB-42D8-AB3B-2DFCFA27F1B2}.Debug|Any CPU.ActiveCfg = Debug|Any CPU
		{B806F481-34CB-42D8-AB3B-2DFCFA27F1B2}.Debug|Any CPU.Build.0 = Debug|Any CPU
		{B806F481-34CB-42D8-AB3B-2DFCFA27F1B2}.Release|Any CPU.ActiveCfg = Release|Any CPU
		{B806F481-34CB-42D8-AB3B-2DFCFA27F1B2}.Release|Any CPU.Build.0 = Release|Any CPU
	EndGlobalSection
	GlobalSection(SolutionProperties) = preSolution
		HideSolutionNode = FALSE
	EndGlobalSection
	GlobalSection(ExtensibilityGlobals) = postSolution
		SolutionGuid = {AB6C1D15-A24C-4495-BFCB-EC63CBFC6BAC}
	EndGlobalSection
EndGlobal
