
Microsoft Visual Studio Solution File, Format Version 12.00
# Visual Studio Version 17
VisualStudioVersion = 17.4.33213.308
MinimumVisualStudioVersion = 10.0.40219.1
Project("{FAE04EC0-301F-11D3-BF4B-00C04F79EFBC}") = "FacadePattern", "FacadePattern.csproj", "{9E347FB5-F5D0-4E7B-81D7-16913858CE95}"
EndProject
Global
	GlobalSection(SolutionConfigurationPlatforms) = preSolution
		Debug|Any CPU = Debug|Any CPU
		Release|Any CPU = Release|Any CPU
	EndGlobalSection
	GlobalSection(ProjectConfigurationPlatforms) = postSolution
		{9E347FB5-F5D0-4E7B-81D7-16913858CE95}.Debug|Any CPU.ActiveCfg = Debug|Any CPU
		{9E347FB5-F5D0-4E7B-81D7-16913858CE95}.Debug|Any CPU.Build.0 = Debug|Any CPU
		{9E347FB5-F5D0-4E7B-81D7-16913858CE95}.Release|Any CPU.ActiveCfg = Release|Any CPU
		{9E347FB5-F5D0-4E7B-81D7-16913858CE95}.Release|Any CPU.Build.0 = Release|Any CPU
	EndGlobalSection
	GlobalSection(SolutionProperties) = preSolution
		HideSolutionNode = FALSE
	EndGlobalSection
	GlobalSection(ExtensibilityGlobals) = postSolution
		SolutionGuid = {83572E32-39D5-4602-99CB-948F13780945}
	EndGlobalSection
EndGlobal
